
Microsoft Visual Studio Solution File, Format Version 12.00
# Visual Studio 15
VisualStudioVersion = 15.0.27428.2037
MinimumVisualStudioVersion = 10.0.40219.1
Project("{FAE04EC0-301F-11D3-BF4B-00C04F79EFBC}") = "PruebaGrupoINCO", "PruebaGrupoINCO\PruebaGrupoINCO.csproj", "{1D15B5C0-AFDE-4B4F-9A78-9E1D05650C82}"
EndProject
Global
	GlobalSection(SolutionConfigurationPlatforms) = preSolution
		Debug|Any CPU = Debug|Any CPU
		Release|Any CPU = Release|Any CPU
	EndGlobalSection
	GlobalSection(ProjectConfigurationPlatforms) = postSolution
		{1D15B5C0-AFDE-4B4F-9A78-9E1D05650C82}.Debug|Any CPU.ActiveCfg = Debug|Any CPU
		{1D15B5C0-AFDE-4B4F-9A78-9E1D05650C82}.Debug|Any CPU.Build.0 = Debug|Any CPU
		{1D15B5C0-AFDE-4B4F-9A78-9E1D05650C82}.Release|Any CPU.ActiveCfg = Release|Any CPU
		{1D15B5C0-AFDE-4B4F-9A78-9E1D05650C82}.Release|Any CPU.Build.0 = Release|Any CPU
	EndGlobalSection
	GlobalSection(SolutionProperties) = preSolution
		HideSolutionNode = FALSE
	EndGlobalSection
	GlobalSection(ExtensibilityGlobals) = postSolution
		SolutionGuid = {B85834F5-A02F-4AF2-93C0-02B573883893}
	EndGlobalSection
EndGlobal
